
Microsoft Visual Studio Solution File, Format Version 11.00
# Visual Studio 2010
Project("{ACFA037F-58C3-4AF0-A606-924A594A1246}") = "hello_world_console", "hello_world_console.vcxproj", "{BC68A4D8-6923-4D2A-AE9D-02929B1ECF13}"
EndProject
Global
	GlobalSection(SolutionConfigurationPlatforms) = preSolution
		Debug|Android = Debug|Android
		Debug|NaCl32 = Debug|NaCl32
		Debug|NaCl64 = Debug|NaCl64
		Debug|PPAPI = Debug|PPAPI
		Debug|Win32 = Debug|Win32
		Debug|x64 = Debug|x64
		Release|Android = Release|Android
		Release|NaCl32 = Release|NaCl32
		Release|NaCl64 = Release|NaCl64
		Release|PPAPI = Release|PPAPI
		Release|Win32 = Release|Win32
		Release|x64 = Release|x64
	EndGlobalSection
	GlobalSection(ProjectConfigurationPlatforms) = postSolution
		{BC68A4D8-6923-4D2A-AE9D-02929B1ECF13}.Debug|Android.ActiveCfg = Debug|Android
		{BC68A4D8-6923-4D2A-AE9D-02929B1ECF13}.Debug|Android.Build.0 = Debug|Android
		{BC68A4D8-6923-4D2A-AE9D-02929B1ECF13}.Debug|NaCl32.ActiveCfg = Debug|NaCl32
		{BC68A4D8-6923-4D2A-AE9D-02929B1ECF13}.Debug|NaCl32.Build.0 = Debug|NaCl32
		{BC68A4D8-6923-4D2A-AE9D-02929B1ECF13}.Debug|NaCl64.ActiveCfg = Debug|NaCl64
		{BC68A4D8-6923-4D2A-AE9D-02929B1ECF13}.Debug|NaCl64.Build.0 = Debug|NaCl64
		{BC68A4D8-6923-4D2A-AE9D-02929B1ECF13}.Debug|PPAPI.ActiveCfg = Debug|PPAPI
		{BC68A4D8-6923-4D2A-AE9D-02929B1ECF13}.Debug|PPAPI.Build.0 = Debug|PPAPI
		{BC68A4D8-6923-4D2A-AE9D-02929B1ECF13}.Debug|Win32.ActiveCfg = Debug|Win32
		{BC68A4D8-6923-4D2A-AE9D-02929B1ECF13}.Debug|Win32.Build.0 = Debug|Win32
		{BC68A4D8-6923-4D2A-AE9D-02929B1ECF13}.Debug|x64.ActiveCfg = Debug|x64
		{BC68A4D8-6923-4D2A-AE9D-02929B1ECF13}.Debug|x64.Build.0 = Debug|x64
		{BC68A4D8-6923-4D2A-AE9D-02929B1ECF13}.Release|Android.ActiveCfg = Release|Android
		{BC68A4D8-6923-4D2A-AE9D-02929B1ECF13}.Release|Android.Build.0 = Release|Android
		{BC68A4D8-6923-4D2A-AE9D-02929B1ECF13}.Release|NaCl32.ActiveCfg = Release|NaCl32
		{BC68A4D8-6923-4D2A-AE9D-02929B1ECF13}.Release|NaCl32.Build.0 = Release|NaCl32
		{BC68A4D8-6923-4D2A-AE9D-02929B1ECF13}.Release|NaCl64.ActiveCfg = Release|NaCl64
		{BC68A4D8-6923-4D2A-AE9D-02929B1ECF13}.Release|NaCl64.Build.0 = Release|NaCl64
		{BC68A4D8-6923-4D2A-AE9D-02929B1ECF13}.Release|PPAPI.ActiveCfg = Release|PPAPI
		{BC68A4D8-6923-4D2A-AE9D-02929B1ECF13}.Release|PPAPI.Build.0 = Release|PPAPI
		{BC68A4D8-6923-4D2A-AE9D-02929B1ECF13}.Release|Win32.ActiveCfg = Release|Win32
		{BC68A4D8-6923-4D2A-AE9D-02929B1ECF13}.Release|Win32.Build.0 = Release|Win32
		{BC68A4D8-6923-4D2A-AE9D-02929B1ECF13}.Release|x64.ActiveCfg = Release|x64
		{BC68A4D8-6923-4D2A-AE9D-02929B1ECF13}.Release|x64.Build.0 = Release|x64
	EndGlobalSection
	GlobalSection(SolutionProperties) = preSolution
		HideSolutionNode = FALSE
	EndGlobalSection
EndGlobal

