<?xml version="1.0" encoding="utf-8"?>
<Project ToolsVersion="4.0" xmlns="http://schemas.microsoft.com/developer/msbuild/2003">
  <ItemGroup>
    <Filter Include="C/C++ Source Files">
      <UniqueIdentifier>{86CE3F48-241A-4AA8-913B-9B93FE3DAC83}</UniqueIdentifier>
      <Extensions>cpp;c;cc;cxx</Extensions>
    </Filter>
    <Filter Include="C/C++ Header Files">
      <UniqueIdentifier>{6D33EB92-8789-4E0C-ACE4-FAB347096C83}</UniqueIdentifier>
      <Extensions>h;hpp;hxx;hm;inl</Extensions>
    </Filter>
    <Filter Include="Android Package Files">
      <UniqueIdentifier>{E675236C-67BB-42BB-A589-77831EE75F8C}</UniqueIdentifier>
    </Filter>
    <Filter Include="Java Source Files">
      <UniqueIdentifier>{1D133765-0FCA-4AF7-9D3F-3DF19CD54A96}</UniqueIdentifier>
      <Extensions>java;class</Extensions>
    </Filter>
  </ItemGroup>
  <ItemGroup>
    <None Include="android_package\AndroidManifest.xml">
      <Filter>Android Package Files</Filter>
    </None>
    <None Include="android_package\src\net\examples\unit_test\FauxConsole.java">
      <Filter>Java Source Files</Filter>
    </None>
    <None Include="android_package\build.xml">
      <Filter>Android Package Files</Filter>
    </None>
    <None Include="android_package\res\values\strings.xml">
      <Filter>Android Package Files</Filter>
    </None>
    <None Include="android_package\project.properties">
      <Filter>Android Package Files</Filter>
    </None>
    <None Include="readme.txt" />
    <None Include="index.html" />
  </ItemGroup>
  <ItemGroup>
    <ClInclude Include="stdafx.h">
      <Filter>C/C++ Header Files</Filter>
    </ClInclude>
  </ItemGroup>
  <ItemGroup>
    <ClCompile Include="unit_test.cpp">
      <Filter>C/C++ Source Files</Filter>
    </ClCompile>
    <ClCompile Include="stdafx.cpp">
      <Filter>C/C++ Source Files</Filter>
    </ClCompile>
    <ClCompile Include="example_tests.cpp">
      <Filter>C/C++ Source Files</Filter>
    </ClCompile>
  </ItemGroup>
</Project>