
Microsoft Visual Studio Solution File, Format Version 11.00
# Visual Studio 2010
Project("{EECBC0AB-A606-4F3B-BDB1-30E7EEB374AA}") = "unit_test", "unit_test.vcxproj", "{D227BB11-D83A-449D-B379-C6056E9CFEBA}"
EndProject
Global
	GlobalSection(SolutionConfigurationPlatforms) = preSolution
		Debug|Android = Debug|Android
		Debug|NaCl32 = Debug|NaCl32
		Debug|NaCl64 = Debug|NaCl64
		Debug|PPAPI = Debug|PPAPI
		Debug|Win32 = Debug|Win32
		Debug|x64 = Debug|x64
		Release|Android = Release|Android
		Release|NaCl32 = Release|NaCl32
		Release|NaCl64 = Release|NaCl64
		Release|PPAPI = Release|PPAPI
		Release|Win32 = Release|Win32
		Release|x64 = Release|x64
	EndGlobalSection
	GlobalSection(ProjectConfigurationPlatforms) = postSolution
		{D227BB11-D83A-449D-B379-C6056E9CFEBA}.Debug|Android.ActiveCfg = Debug|Android
		{D227BB11-D83A-449D-B379-C6056E9CFEBA}.Debug|Android.Build.0 = Debug|Android
		{D227BB11-D83A-449D-B379-C6056E9CFEBA}.Debug|NaCl32.ActiveCfg = Debug|NaCl32
		{D227BB11-D83A-449D-B379-C6056E9CFEBA}.Debug|NaCl32.Build.0 = Debug|NaCl32
		{D227BB11-D83A-449D-B379-C6056E9CFEBA}.Debug|NaCl64.ActiveCfg = Debug|NaCl64
		{D227BB11-D83A-449D-B379-C6056E9CFEBA}.Debug|NaCl64.Build.0 = Debug|NaCl64
		{D227BB11-D83A-449D-B379-C6056E9CFEBA}.Debug|PPAPI.ActiveCfg = Debug|PPAPI
		{D227BB11-D83A-449D-B379-C6056E9CFEBA}.Debug|PPAPI.Build.0 = Debug|PPAPI
		{D227BB11-D83A-449D-B379-C6056E9CFEBA}.Debug|Win32.ActiveCfg = Debug|Win32
		{D227BB11-D83A-449D-B379-C6056E9CFEBA}.Debug|Win32.Build.0 = Debug|Win32
		{D227BB11-D83A-449D-B379-C6056E9CFEBA}.Debug|x64.ActiveCfg = Debug|x64
		{D227BB11-D83A-449D-B379-C6056E9CFEBA}.Debug|x64.Build.0 = Debug|x64
		{D227BB11-D83A-449D-B379-C6056E9CFEBA}.Release|Android.ActiveCfg = Release|Android
		{D227BB11-D83A-449D-B379-C6056E9CFEBA}.Release|Android.Build.0 = Release|Android
		{D227BB11-D83A-449D-B379-C6056E9CFEBA}.Release|NaCl32.ActiveCfg = Release|NaCl32
		{D227BB11-D83A-449D-B379-C6056E9CFEBA}.Release|NaCl32.Build.0 = Release|NaCl32
		{D227BB11-D83A-449D-B379-C6056E9CFEBA}.Release|NaCl64.ActiveCfg = Release|NaCl64
		{D227BB11-D83A-449D-B379-C6056E9CFEBA}.Release|NaCl64.Build.0 = Release|NaCl64
		{D227BB11-D83A-449D-B379-C6056E9CFEBA}.Release|PPAPI.ActiveCfg = Release|PPAPI
		{D227BB11-D83A-449D-B379-C6056E9CFEBA}.Release|PPAPI.Build.0 = Release|PPAPI
		{D227BB11-D83A-449D-B379-C6056E9CFEBA}.Release|Win32.ActiveCfg = Release|Win32
		{D227BB11-D83A-449D-B379-C6056E9CFEBA}.Release|Win32.Build.0 = Release|Win32
		{D227BB11-D83A-449D-B379-C6056E9CFEBA}.Release|x64.ActiveCfg = Release|x64
		{D227BB11-D83A-449D-B379-C6056E9CFEBA}.Release|x64.Build.0 = Release|x64
	EndGlobalSection
	GlobalSection(SolutionProperties) = preSolution
		HideSolutionNode = FALSE
	EndGlobalSection
EndGlobal

